{
  "version": 4,
  "terraform_version": "1.3.6",
  "serial": 16,
  "lineage": "bec601a9-ae04-c293-4971-a4a2b0d0e95e",
  "outputs": {
    "IPAddr": {
      "value": "192.168.100.106",
      "type": "string"
    }
  },
  "resources": [
    {
      "mode": "managed",
      "type": "virtualbox_vm",
      "name": "node",
      "provider": "provider[\"registry.terraform.io/terra-farm/virtualbox\"]",
      "instances": [
        {
          "index_key": 0,
          "schema_version": 0,
          "attributes": {
            "boot_order": null,
            "checksum": null,
            "checksum_type": null,
            "cpus": 2,
            "id": "0bde3dff-9837-46b4-b8c4-c02309115bc5",
            "image": "/home/gas/Téléchargement/6ce31aca-ac1f-4bd3-a6ff-5aabde9e3863",
            "memory": "512 mib",
            "name": "node-1",
            "network_adapter": [
              {
                "device": "IntelPro1000MTServer",
                "host_interface": "enp2s0",
                "ipv4_address": "192.168.100.106",
                "ipv4_address_available": "yes",
                "mac_address": "0800274B33AA",
                "status": "up",
                "type": "bridged"
              }
            ],
            "optical_disks": null,
            "status": "running",
            "url": null,
            "user_data": null
          },
          "sensitive_attributes": [],
          "private": "bnVsbA=="
        }
      ]
    }
  ],
  "check_results": null
}
