{
  "version": 4,
  "terraform_version": "1.3.7",
  "serial": 38,
  "lineage": "bec601a9-ae04-c293-4971-a4a2b0d0e95e",
  "outputs": {
    "IPAddr": {
      "value": "192.168.100.108",
      "type": "string"
    }
  },
  "resources": [
    {
      "mode": "managed",
      "type": "virtualbox_vm",
      "name": "node",
      "provider": "provider[\"registry.terraform.io/terra-farm/virtualbox\"]",
      "instances": [
        {
          "index_key": 0,
          "schema_version": 0,
          "attributes": {
            "boot_order": null,
            "checksum": null,
            "checksum_type": null,
            "cpus": 1,
            "id": "329d2516-e2fb-4226-8e86-8665445bc5cb",
            "image": "../images/k8s-node.box",
            "memory": "1.0 gib",
            "name": "kubernetes-worker-02",
            "network_adapter": [
              {
                "device": "IntelPro1000MTServer",
                "host_interface": "enp4s0",
                "ipv4_address": "192.168.100.108",
                "ipv4_address_available": "yes",
                "mac_address": "08002753C59B",
                "status": "up",
                "type": "bridged"
              }
            ],
            "optical_disks": null,
            "status": "running",
            "url": null,
            "user_data": null
          },
          "sensitive_attributes": [],
          "private": "bnVsbA=="
        }
      ]
    }
  ],
  "check_results": null
}
